
Microsoft Visual Studio Solution File, Format Version 12.00
# Visual Studio Version 17
VisualStudioVersion = 17.4.33205.214
MinimumVisualStudioVersion = 10.0.40219.1
Project("{9A19103F-16F7-4668-BE54-9A1E7A4F7556}") = "FoodOrderMVC", "FoodOrderMVC.csproj", "{774D804A-0AB9-42E4-AF71-DD4570671773}"
EndProject
Project("{9A19103F-16F7-4668-BE54-9A1E7A4F7556}") = "FoodOrderEntitie", "..\EntitieOrderFoodApp\FoodOrderEntitie.csproj", "{C6DE9F36-ABED-43E5-8E3D-FC09E2C55BB0}"
EndProject
Global
	GlobalSection(SolutionConfigurationPlatforms) = preSolution
		Debug|Any CPU = Debug|Any CPU
		Release|Any CPU = Release|Any CPU
	EndGlobalSection
	GlobalSection(ProjectConfigurationPlatforms) = postSolution
		{774D804A-0AB9-42E4-AF71-DD4570671773}.Debug|Any CPU.ActiveCfg = Debug|Any CPU
		{774D804A-0AB9-42E4-AF71-DD4570671773}.Debug|Any CPU.Build.0 = Debug|Any CPU
		{774D804A-0AB9-42E4-AF71-DD4570671773}.Release|Any CPU.ActiveCfg = Release|Any CPU
		{774D804A-0AB9-42E4-AF71-DD4570671773}.Release|Any CPU.Build.0 = Release|Any CPU
		{C6DE9F36-ABED-43E5-8E3D-FC09E2C55BB0}.Debug|Any CPU.ActiveCfg = Debug|Any CPU
		{C6DE9F36-ABED-43E5-8E3D-FC09E2C55BB0}.Debug|Any CPU.Build.0 = Debug|Any CPU
		{C6DE9F36-ABED-43E5-8E3D-FC09E2C55BB0}.Release|Any CPU.ActiveCfg = Release|Any CPU
		{C6DE9F36-ABED-43E5-8E3D-FC09E2C55BB0}.Release|Any CPU.Build.0 = Release|Any CPU
	EndGlobalSection
	GlobalSection(SolutionProperties) = preSolution
		HideSolutionNode = FALSE
	EndGlobalSection
	GlobalSection(ExtensibilityGlobals) = postSolution
		SolutionGuid = {C80A4487-BBFF-4178-B2F4-8CD04331EF2A}
	EndGlobalSection
EndGlobal
