
Microsoft Visual Studio Solution File, Format Version 12.00
# Visual Studio Version 17
VisualStudioVersion = 17.4.33205.214
MinimumVisualStudioVersion = 10.0.40219.1
Project("{9A19103F-16F7-4668-BE54-9A1E7A4F7556}") = "FoodOrderMVC", "FoodOrderMVC.csproj", "{774D804A-0AB9-42E4-AF71-DD4570671773}"
EndProject
Project("{9A19103F-16F7-4668-BE54-9A1E7A4F7556}") = "FoodOrderEntitie", "..\FoodOrderEntitie\FoodOrderEntitie.csproj", "{38B4EF51-6189-491B-9BA3-F20D58DB9CEB}"
EndProject
Project("{FAE04EC0-301F-11D3-BF4B-00C04F79EFBC}") = "FoodOrderAPI", "..\FoodOrderAPI\FoodOrderAPI.csproj", "{5CEE80A4-6E88-4502-99D1-4C5BC422D02B}"
EndProject
Global
	GlobalSection(SolutionConfigurationPlatforms) = preSolution
		Debug|Any CPU = Debug|Any CPU
		Release|Any CPU = Release|Any CPU
	EndGlobalSection
	GlobalSection(ProjectConfigurationPlatforms) = postSolution
		{774D804A-0AB9-42E4-AF71-DD4570671773}.Debug|Any CPU.ActiveCfg = Debug|Any CPU
		{774D804A-0AB9-42E4-AF71-DD4570671773}.Debug|Any CPU.Build.0 = Debug|Any CPU
		{774D804A-0AB9-42E4-AF71-DD4570671773}.Release|Any CPU.ActiveCfg = Release|Any CPU
		{774D804A-0AB9-42E4-AF71-DD4570671773}.Release|Any CPU.Build.0 = Release|Any CPU
		{38B4EF51-6189-491B-9BA3-F20D58DB9CEB}.Debug|Any CPU.ActiveCfg = Debug|Any CPU
		{38B4EF51-6189-491B-9BA3-F20D58DB9CEB}.Debug|Any CPU.Build.0 = Debug|Any CPU
		{38B4EF51-6189-491B-9BA3-F20D58DB9CEB}.Release|Any CPU.ActiveCfg = Release|Any CPU
		{38B4EF51-6189-491B-9BA3-F20D58DB9CEB}.Release|Any CPU.Build.0 = Release|Any CPU
		{5CEE80A4-6E88-4502-99D1-4C5BC422D02B}.Debug|Any CPU.ActiveCfg = Debug|Any CPU
		{5CEE80A4-6E88-4502-99D1-4C5BC422D02B}.Debug|Any CPU.Build.0 = Debug|Any CPU
		{5CEE80A4-6E88-4502-99D1-4C5BC422D02B}.Release|Any CPU.ActiveCfg = Release|Any CPU
		{5CEE80A4-6E88-4502-99D1-4C5BC422D02B}.Release|Any CPU.Build.0 = Release|Any CPU
	EndGlobalSection
	GlobalSection(SolutionProperties) = preSolution
		HideSolutionNode = FALSE
	EndGlobalSection
	GlobalSection(ExtensibilityGlobals) = postSolution
		SolutionGuid = {C80A4487-BBFF-4178-B2F4-8CD04331EF2A}
	EndGlobalSection
EndGlobal
